// !$*UTF8*$!
{
	archiveVersion = 1;
	classes = {
	};
	objectVersion = 46;
	objects = {

/* Begin PBXBuildFile section */
		EA1B588C1D12EDBA00342249 /* arquivo_ppm.c in Sources */ = {isa = PBXBuildFile; fileRef = EA1B58831D12EDBA00342249 /* arquivo_ppm.c */; };
		EA1B588D1D12EDBA00342249 /* convolucao.c in Sources */ = {isa = PBXBuildFile; fileRef = EA1B58841D12EDBA00342249 /* convolucao.c */; };
		EA1B588E1D12EDBA00342249 /* hough.c in Sources */ = {isa = PBXBuildFile; fileRef = EA1B58851D12EDBA00342249 /* hough.c */; };
		EA1B588F1D12EDBA00342249 /* main.c in Sources */ = {isa = PBXBuildFile; fileRef = EA1B58891D12EDBA00342249 /* main.c */; };
		EA1B58901D12EDBA00342249 /* processos.c in Sources */ = {isa = PBXBuildFile; fileRef = EA1B588B1D12EDBA00342249 /* processos.c */; };
/* End PBXBuildFile section */

/* Begin PBXCopyFilesBuildPhase section */
		EA1B58771D12EDAC00342249 /* CopyFiles */ = {
			isa = PBXCopyFilesBuildPhase;
			buildActionMask = 2147483647;
			dstPath = /usr/share/man/man1/;
			dstSubfolderSpec = 0;
			files = (
			);
			runOnlyForDeploymentPostprocessing = 1;
		};
/* End PBXCopyFilesBuildPhase section */

/* Begin PBXFileReference section */
		EA1B58791D12EDAC00342249 /* Prova2SIMD */ = {isa = PBXFileReference; explicitFileType = "compiled.mach-o.executable"; includeInIndex = 0; path = Prova2SIMD; sourceTree = BUILT_PRODUCTS_DIR; };
		EA1B58831D12EDBA00342249 /* arquivo_ppm.c */ = {isa = PBXFileReference; fileEncoding = 4; lastKnownFileType = sourcecode.c.c; name = arquivo_ppm.c; path = ../../../../Downloads/Imagem04/arquivo_ppm.c; sourceTree = "<group>"; };
		EA1B58841D12EDBA00342249 /* convolucao.c */ = {isa = PBXFileReference; fileEncoding = 4; lastKnownFileType = sourcecode.c.c; name = convolucao.c; path = ../../../../Downloads/Imagem04/convolucao.c; sourceTree = "<group>"; };
		EA1B58851D12EDBA00342249 /* hough.c */ = {isa = PBXFileReference; fileEncoding = 4; lastKnownFileType = sourcecode.c.c; name = hough.c; path = ../../../../Downloads/Imagem04/hough.c; sourceTree = "<group>"; };
		EA1B58861D12EDBA00342249 /* Icon */ = {isa = PBXFileReference; fileEncoding = 4; lastKnownFileType = text; name = "Icon"; path = "../../../../Downloads/Imagem04/Icon\n"; sourceTree = "<group>"; };
		EA1B58871D12EDBA00342249 /* imagem */ = {isa = PBXFileReference; lastKnownFileType = file; name = imagem; path = ../../../../Downloads/Imagem04/imagem; sourceTree = "<group>"; };
		EA1B58881D12EDBA00342249 /* img02.ppm */ = {isa = PBXFileReference; fileEncoding = 4; lastKnownFileType = text; name = img02.ppm; path = ../../../../Downloads/Imagem04/img02.ppm; sourceTree = "<group>"; };
		EA1B58891D12EDBA00342249 /* main.c */ = {isa = PBXFileReference; fileEncoding = 4; lastKnownFileType = sourcecode.c.c; name = main.c; path = ../../../../Downloads/Imagem04/main.c; sourceTree = "<group>"; };
		EA1B588A1D12EDBA00342249 /* main.h */ = {isa = PBXFileReference; fileEncoding = 4; lastKnownFileType = sourcecode.c.h; name = main.h; path = ../../../../Downloads/Imagem04/main.h; sourceTree = "<group>"; };
		EA1B588B1D12EDBA00342249 /* processos.c */ = {isa = PBXFileReference; fileEncoding = 4; lastKnownFileType = sourcecode.c.c; name = processos.c; path = ../../../../Downloads/Imagem04/processos.c; sourceTree = "<group>"; };
/* End PBXFileReference section */

/* Begin PBXFrameworksBuildPhase section */
		EA1B58761D12EDAC00342249 /* Frameworks */ = {
			isa = PBXFrameworksBuildPhase;
			buildActionMask = 2147483647;
			files = (
			);
			runOnlyForDeploymentPostprocessing = 0;
		};
/* End PBXFrameworksBuildPhase section */

/* Begin PBXGroup section */
		EA1B58701D12EDAC00342249 = {
			isa = PBXGroup;
			children = (
				EA1B587B1D12EDAC00342249 /* Prova2SIMD */,
				EA1B587A1D12EDAC00342249 /* Products */,
			);
			sourceTree = "<group>";
		};
		EA1B587A1D12EDAC00342249 /* Products */ = {
			isa = PBXGroup;
			children = (
				EA1B58791D12EDAC00342249 /* Prova2SIMD */,
			);
			name = Products;
			sourceTree = "<group>";
		};
		EA1B587B1D12EDAC00342249 /* Prova2SIMD */ = {
			isa = PBXGroup;
			children = (
				EA1B58831D12EDBA00342249 /* arquivo_ppm.c */,
				EA1B58841D12EDBA00342249 /* convolucao.c */,
				EA1B58851D12EDBA00342249 /* hough.c */,
				EA1B58861D12EDBA00342249 /* Icon */,
				EA1B58871D12EDBA00342249 /* imagem */,
				EA1B58881D12EDBA00342249 /* img02.ppm */,
				EA1B58891D12EDBA00342249 /* main.c */,
				EA1B588A1D12EDBA00342249 /* main.h */,
				EA1B588B1D12EDBA00342249 /* processos.c */,
			);
			path = Prova2SIMD;
			sourceTree = "<group>";
		};
/* End PBXGroup section */

/* Begin PBXNativeTarget section */
		EA1B58781D12EDAC00342249 /* Prova2SIMD */ = {
			isa = PBXNativeTarget;
			buildConfigurationList = EA1B58801D12EDAC00342249 /* Build configuration list for PBXNativeTarget "Prova2SIMD" */;
			buildPhases = (
				EA1B58751D12EDAC00342249 /* Sources */,
				EA1B58761D12EDAC00342249 /* Frameworks */,
				EA1B58771D12EDAC00342249 /* CopyFiles */,
			);
			buildRules = (
			);
			dependencies = (
			);
			name = Prova2SIMD;
			productName = Prova2SIMD;
			productReference = EA1B58791D12EDAC00342249 /* Prova2SIMD */;
			productType = "com.apple.product-type.tool";
		};
/* End PBXNativeTarget section */

/* Begin PBXProject section */
		EA1B58711D12EDAC00342249 /* Project object */ = {
			isa = PBXProject;
			attributes = {
				LastUpgradeCheck = 0730;
				ORGANIZATIONNAME = "leonardo albuquerque";
				TargetAttributes = {
					EA1B58781D12EDAC00342249 = {
						CreatedOnToolsVersion = 7.3.1;
					};
				};
			};
			buildConfigurationList = EA1B58741D12EDAC00342249 /* Build configuration list for PBXProject "Prova2SIMD" */;
			compatibilityVersion = "Xcode 3.2";
			developmentRegion = English;
			hasScannedForEncodings = 0;
			knownRegions = (
				en,
			);
			mainGroup = EA1B58701D12EDAC00342249;
			productRefGroup = EA1B587A1D12EDAC00342249 /* Products */;
			projectDirPath = "";
			projectRoot = "";
			targets = (
				EA1B58781D12EDAC00342249 /* Prova2SIMD */,
			);
		};
/* End PBXProject section */

/* Begin PBXSourcesBuildPhase section */
		EA1B58751D12EDAC00342249 /* Sources */ = {
			isa = PBXSourcesBuildPhase;
			buildActionMask = 2147483647;
			files = (
				EA1B588F1D12EDBA00342249 /* main.c in Sources */,
				EA1B588C1D12EDBA00342249 /* arquivo_ppm.c in Sources */,
				EA1B588D1D12EDBA00342249 /* convolucao.c in Sources */,
				EA1B588E1D12EDBA00342249 /* hough.c in Sources */,
				EA1B58901D12EDBA00342249 /* processos.c in Sources */,
			);
			runOnlyForDeploymentPostprocessing = 0;
		};
/* End PBXSourcesBuildPhase section */

/* Begin XCBuildConfiguration section */
		EA1B587E1D12EDAC00342249 /* Debug */ = {
			isa = XCBuildConfiguration;
			buildSettings = {
				ALWAYS_SEARCH_USER_PATHS = NO;
				CLANG_ANALYZER_NONNULL = YES;
				CLANG_CXX_LANGUAGE_STANDARD = "gnu++0x";
				CLANG_CXX_LIBRARY = "libc++";
				CLANG_ENABLE_MODULES = YES;
				CLANG_ENABLE_OBJC_ARC = YES;
				CLANG_WARN_BOOL_CONVERSION = YES;
				CLANG_WARN_CONSTANT_CONVERSION = YES;
				CLANG_WARN_DIRECT_OBJC_ISA_USAGE = YES_ERROR;
				CLANG_WARN_EMPTY_BODY = YES;
				CLANG_WARN_ENUM_CONVERSION = YES;
				CLANG_WARN_INT_CONVERSION = YES;
				CLANG_WARN_OBJC_ROOT_CLASS = YES_ERROR;
				CLANG_WARN_UNREACHABLE_CODE = YES;
				CLANG_WARN__DUPLICATE_METHOD_MATCH = YES;
				CODE_SIGN_IDENTITY = "-";
				COPY_PHASE_STRIP = NO;
				DEBUG_INFORMATION_FORMAT = dwarf;
				ENABLE_STRICT_OBJC_MSGSEND = YES;
				ENABLE_TESTABILITY = YES;
				GCC_C_LANGUAGE_STANDARD = gnu99;
				GCC_DYNAMIC_NO_PIC = NO;
				GCC_NO_COMMON_BLOCKS = YES;
				GCC_OPTIMIZATION_LEVEL = 0;
				GCC_PREPROCESSOR_DEFINITIONS = (
					"DEBUG=1",
					"$(inherited)",
				);
				GCC_WARN_64_TO_32_BIT_CONVERSION = YES;
				GCC_WARN_ABOUT_RETURN_TYPE = YES_ERROR;
				GCC_WARN_UNDECLARED_SELECTOR = YES;
				GCC_WARN_UNINITIALIZED_AUTOS = YES_AGGRESSIVE;
				GCC_WARN_UNUSED_FUNCTION = YES;
				GCC_WARN_UNUSED_VARIABLE = YES;
				MACOSX_DEPLOYMENT_TARGET = 10.11;
				MTL_ENABLE_DEBUG_INFO = YES;
				ONLY_ACTIVE_ARCH = YES;
				SDKROOT = macosx;
			};
			name = Debug;
		};
		EA1B587F1D12EDAC00342249 /* Release */ = {
			isa = XCBuildConfiguration;
			buildSettings = {
				ALWAYS_SEARCH_USER_PATHS = NO;
				CLANG_ANALYZER_NONNULL = YES;
				CLANG_CXX_LANGUAGE_STANDARD = "gnu++0x";
				CLANG_CXX_LIBRARY = "libc++";
				CLANG_ENABLE_MODULES = YES;
				CLANG_ENABLE_OBJC_ARC = YES;
				CLANG_WARN_BOOL_CONVERSION = YES;
				CLANG_WARN_CONSTANT_CONVERSION = YES;
				CLANG_WARN_DIRECT_OBJC_ISA_USAGE = YES_ERROR;
				CLANG_WARN_EMPTY_BODY = YES;
				CLANG_WARN_ENUM_CONVERSION = YES;
				CLANG_WARN_INT_CONVERSION = YES;
				CLANG_WARN_OBJC_ROOT_CLASS = YES_ERROR;
				CLANG_WARN_UNREACHABLE_CODE = YES;
				CLANG_WARN__DUPLICATE_METHOD_MATCH = YES;
				CODE_SIGN_IDENTITY = "-";
				COPY_PHASE_STRIP = NO;
				DEBUG_INFORMATION_FORMAT = "dwarf-with-dsym";
				ENABLE_NS_ASSERTIONS = NO;
				ENABLE_STRICT_OBJC_MSGSEND = YES;
				GCC_C_LANGUAGE_STANDARD = gnu99;
				GCC_NO_COMMON_BLOCKS = YES;
				GCC_WARN_64_TO_32_BIT_CONVERSION = YES;
				GCC_WARN_ABOUT_RETURN_TYPE = YES_ERROR;
				GCC_WARN_UNDECLARED_SELECTOR = YES;
				GCC_WARN_UNINITIALIZED_AUTOS = YES_AGGRESSIVE;
				GCC_WARN_UNUSED_FUNCTION = YES;
				GCC_WARN_UNUSED_VARIABLE = YES;
				MACOSX_DEPLOYMENT_TARGET = 10.11;
				MTL_ENABLE_DEBUG_INFO = NO;
				SDKROOT = macosx;
			};
			name = Release;
		};
		EA1B58811D12EDAC00342249 /* Debug */ = {
			isa = XCBuildConfiguration;
			buildSettings = {
				PRODUCT_NAME = "$(TARGET_NAME)";
			};
			name = Debug;
		};
		EA1B58821D12EDAC00342249 /* Release */ = {
			isa = XCBuildConfiguration;
			buildSettings = {
				PRODUCT_NAME = "$(TARGET_NAME)";
			};
			name = Release;
		};
/* End XCBuildConfiguration section */

/* Begin XCConfigurationList section */
		EA1B58741D12EDAC00342249 /* Build configuration list for PBXProject "Prova2SIMD" */ = {
			isa = XCConfigurationList;
			buildConfigurations = (
				EA1B587E1D12EDAC00342249 /* Debug */,
				EA1B587F1D12EDAC00342249 /* Release */,
			);
			defaultConfigurationIsVisible = 0;
			defaultConfigurationName = Release;
		};
		EA1B58801D12EDAC00342249 /* Build configuration list for PBXNativeTarget "Prova2SIMD" */ = {
			isa = XCConfigurationList;
			buildConfigurations = (
				EA1B58811D12EDAC00342249 /* Debug */,
				EA1B58821D12EDAC00342249 /* Release */,
			);
			defaultConfigurationIsVisible = 0;
		};
/* End XCConfigurationList section */
	};
	rootObject = EA1B58711D12EDAC00342249 /* Project object */;
}
